{
    "_readme": [
        "This file locks the dependencies of your project to a known state",
        "Read more about it at https://getcomposer.org/doc/01-basic-usage.md#composer-lock-the-lock-file",
        "This file is @generated automatically"
    ],
    "hash": "56c4f722b1bb294f5cf54d857ad96e77",
    "content-hash": "c440e1c8bfe7385ce44ed484544272fa",
    "packages": [
        {
            "name": "smeeckaert/di",
            "version": "dev-master",
            "source": {
                "type": "git",
                "url": "https://github.com/smeeckaert/di.git",
                "reference": "05f52823665b0e8566c26fe4448d87bd321e8473"
            },
            "dist": {
                "type": "zip",
                "url": "https://api.github.com/repos/smeeckaert/di/zipball/05f52823665b0e8566c26fe4448d87bd321e8473",
                "reference": "05f52823665b0e8566c26fe4448d87bd321e8473",
                "shasum": ""
            },
            "type": "library",
            "autoload": {
                "psr-4": {
                    "FW\\": "src"
                }
            },
            "notification-url": "https://packagist.org/downloads/",
            "authors": [
                {
                    "name": "Martin Smeeckaert",
                    "email": "martin@smeeckaert.com"
                }
            ],
            "time": "2016-09-14 10:21:06"
        },
        {
            "name": "smeeckaert/fw-tools",
            "version": "dev-master",
            "source": {
                "type": "git",
                "url": "https://github.com/smeeckaert/Tools.git",
                "reference": "922060e687130469f40e0591e99fcff41f0d07c3"
            },
            "dist": {
                "type": "zip",
                "url": "https://api.github.com/repos/smeeckaert/Tools/zipball/922060e687130469f40e0591e99fcff41f0d07c3",
                "reference": "922060e687130469f40e0591e99fcff41f0d07c3",
                "shasum": ""
            },
            "type": "library",
            "autoload": {
                "psr-4": {
                    "FW\\Tools\\": ""
                }
            },
            "notification-url": "https://packagist.org/downloads/",
            "license": [
                "Unlicense"
            ],
            "authors": [
                {
                    "name": "Martin Smeeckaert",
                    "email": "martin@smeeckaert.com"
                }
            ],
            "description": "Tools for FW",
            "time": "2015-09-20 19:39:43"
        }
    ],
    "packages-dev": [],
    "aliases": [],
    "minimum-stability": "stable",
    "stability-flags": {
        "smeeckaert/fw-tools": 20,
        "smeeckaert/di": 20
    },
    "prefer-stable": false,
    "prefer-lowest": false,
    "platform": [],
    "platform-dev": []
}
